
Microsoft Visual Studio Solution File, Format Version 12.00
# Visual Studio Version 17
VisualStudioVersion = 17.13.35931.197 d17.13
MinimumVisualStudioVersion = 10.0.40219.1
Project("{FAE04EC0-301F-11D3-BF4B-00C04F79EFBC}") = "Kitapci_proje", "..\PostgreSQL_proje\Kitapci_proje\Kitapci_proje.csproj", "{C05F6FEA-7E7B-4477-89B0-027F8366275F}"
EndProject
Global
	GlobalSection(SolutionConfigurationPlatforms) = preSolution
		Debug|Any CPU = Debug|Any CPU
		Release|Any CPU = Release|Any CPU
	EndGlobalSection
	GlobalSection(ProjectConfigurationPlatforms) = postSolution
		{C05F6FEA-7E7B-4477-89B0-027F8366275F}.Debug|Any CPU.ActiveCfg = Debug|Any CPU
		{C05F6FEA-7E7B-4477-89B0-027F8366275F}.Debug|Any CPU.Build.0 = Debug|Any CPU
		{C05F6FEA-7E7B-4477-89B0-027F8366275F}.Release|Any CPU.ActiveCfg = Release|Any CPU
		{C05F6FEA-7E7B-4477-89B0-027F8366275F}.Release|Any CPU.Build.0 = Release|Any CPU
	EndGlobalSection
	GlobalSection(SolutionProperties) = preSolution
		HideSolutionNode = FALSE
	EndGlobalSection
	GlobalSection(ExtensibilityGlobals) = postSolution
		SolutionGuid = {A9291575-01A0-4E7A-8F97-EE1DD7248011}
	EndGlobalSection
EndGlobal
